
Microsoft Visual Studio Solution File, Format Version 12.00
# Visual Studio 15
VisualStudioVersion = 15.0.27004.2002
MinimumVisualStudioVersion = 10.0.40219.1
Project("{9A19103F-16F7-4668-BE54-9A1E7A4F7556}") = "MsgService", "MsgService\MsgService.csproj", "{B6C60DB7-83CD-49B3-B753-FADF39D339A5}"
EndProject
Project("{9A19103F-16F7-4668-BE54-9A1E7A4F7556}") = "ProductService", "ProductService\ProductService.csproj", "{8BD049BD-6289-4F98-A638-CA227371419B}"
EndProject
Project("{9A19103F-16F7-4668-BE54-9A1E7A4F7556}") = "MyWeb", "MyWeb\MyWeb.csproj", "{D459665B-6259-461C-BD8A-66262E18DD36}"
EndProject
Global
	GlobalSection(SolutionConfigurationPlatforms) = preSolution
		Debug|Any CPU = Debug|Any CPU
		Release|Any CPU = Release|Any CPU
	EndGlobalSection
	GlobalSection(ProjectConfigurationPlatforms) = postSolution
		{B6C60DB7-83CD-49B3-B753-FADF39D339A5}.Debug|Any CPU.ActiveCfg = Debug|Any CPU
		{B6C60DB7-83CD-49B3-B753-FADF39D339A5}.Debug|Any CPU.Build.0 = Debug|Any CPU
		{B6C60DB7-83CD-49B3-B753-FADF39D339A5}.Release|Any CPU.ActiveCfg = Release|Any CPU
		{B6C60DB7-83CD-49B3-B753-FADF39D339A5}.Release|Any CPU.Build.0 = Release|Any CPU
		{8BD049BD-6289-4F98-A638-CA227371419B}.Debug|Any CPU.ActiveCfg = Debug|Any CPU
		{8BD049BD-6289-4F98-A638-CA227371419B}.Debug|Any CPU.Build.0 = Debug|Any CPU
		{8BD049BD-6289-4F98-A638-CA227371419B}.Release|Any CPU.ActiveCfg = Release|Any CPU
		{8BD049BD-6289-4F98-A638-CA227371419B}.Release|Any CPU.Build.0 = Release|Any CPU
		{D459665B-6259-461C-BD8A-66262E18DD36}.Debug|Any CPU.ActiveCfg = Debug|Any CPU
		{D459665B-6259-461C-BD8A-66262E18DD36}.Debug|Any CPU.Build.0 = Debug|Any CPU
		{D459665B-6259-461C-BD8A-66262E18DD36}.Release|Any CPU.ActiveCfg = Release|Any CPU
		{D459665B-6259-461C-BD8A-66262E18DD36}.Release|Any CPU.Build.0 = Release|Any CPU
	EndGlobalSection
	GlobalSection(SolutionProperties) = preSolution
		HideSolutionNode = FALSE
	EndGlobalSection
	GlobalSection(ExtensibilityGlobals) = postSolution
		SolutionGuid = {EB19FD9C-8E3B-4D72-8705-99F82CF6B8EC}
	EndGlobalSection
EndGlobal
